
Microsoft Visual Studio Solution File, Format Version 11.00
# Visual Studio 2010
Project("{FAE04EC0-301F-11D3-BF4B-00C04F79EFBC}") = "Project Planet (2)", "Assembly-CSharp.csproj", "{8685E968-21C1-8DA2-2C49-40C708AE3433}"
EndProject
Project("{FAE04EC0-301F-11D3-BF4B-00C04F79EFBC}") = "Project Planet (2)", "Assembly-CSharp-firstpass.csproj", "{1690E680-7662-857F-89B6-D3968651CFEB}"
EndProject
Project("{FAE04EC0-301F-11D3-BF4B-00C04F79EFBC}") = "Project Planet (2)", "Assembly-CSharp-Editor.csproj", "{F2965269-B14D-738E-B9D3-0C2597F95A81}"
EndProject
Project("{FAE04EC0-301F-11D3-BF4B-00C04F79EFBC}") = "Project Planet (2)", "Assembly-CSharp-Editor-firstpass.csproj", "{E4FD5C43-8EE9-BAA1-84CA-1C5E86F69275}"
EndProject
Global
	GlobalSection(SolutionConfigurationPlatforms) = preSolution
		Debug|Any CPU = Debug|Any CPU
		Release|Any CPU = Release|Any CPU
	EndGlobalSection
	GlobalSection(ProjectConfigurationPlatforms) = postSolution
		{8685E968-21C1-8DA2-2C49-40C708AE3433}.Debug|Any CPU.ActiveCfg = Debug|Any CPU
		{8685E968-21C1-8DA2-2C49-40C708AE3433}.Debug|Any CPU.Build.0 = Debug|Any CPU
		{8685E968-21C1-8DA2-2C49-40C708AE3433}.Release|Any CPU.ActiveCfg = Release|Any CPU
		{8685E968-21C1-8DA2-2C49-40C708AE3433}.Release|Any CPU.Build.0 = Release|Any CPU
		{1690E680-7662-857F-89B6-D3968651CFEB}.Debug|Any CPU.ActiveCfg = Debug|Any CPU
		{1690E680-7662-857F-89B6-D3968651CFEB}.Debug|Any CPU.Build.0 = Debug|Any CPU
		{1690E680-7662-857F-89B6-D3968651CFEB}.Release|Any CPU.ActiveCfg = Release|Any CPU
		{1690E680-7662-857F-89B6-D3968651CFEB}.Release|Any CPU.Build.0 = Release|Any CPU
		{F2965269-B14D-738E-B9D3-0C2597F95A81}.Debug|Any CPU.ActiveCfg = Debug|Any CPU
		{F2965269-B14D-738E-B9D3-0C2597F95A81}.Debug|Any CPU.Build.0 = Debug|Any CPU
		{F2965269-B14D-738E-B9D3-0C2597F95A81}.Release|Any CPU.ActiveCfg = Release|Any CPU
		{F2965269-B14D-738E-B9D3-0C2597F95A81}.Release|Any CPU.Build.0 = Release|Any CPU
		{E4FD5C43-8EE9-BAA1-84CA-1C5E86F69275}.Debug|Any CPU.ActiveCfg = Debug|Any CPU
		{E4FD5C43-8EE9-BAA1-84CA-1C5E86F69275}.Debug|Any CPU.Build.0 = Debug|Any CPU
		{E4FD5C43-8EE9-BAA1-84CA-1C5E86F69275}.Release|Any CPU.ActiveCfg = Release|Any CPU
		{E4FD5C43-8EE9-BAA1-84CA-1C5E86F69275}.Release|Any CPU.Build.0 = Release|Any CPU
	EndGlobalSection
	GlobalSection(SolutionProperties) = preSolution
		HideSolutionNode = FALSE
	EndGlobalSection
	GlobalSection(MonoDevelopProperties) = preSolution
		StartupItem = Assembly-CSharp.csproj
	EndGlobalSection
EndGlobal
